// !$*UTF8*$!
{
	archiveVersion = 1;
	classes = {
	};
	objectVersion = 50;
	objects = {

/* Begin PBXBuildFile section */
		4562F7E0214EE3E900A498AB /* AppDelegate.swift in Sources */ = {isa = PBXBuildFile; fileRef = 4562F7DF214EE3E900A498AB /* AppDelegate.swift */; };
		4562F7E2214EE3E900A498AB /* ViewController.swift in Sources */ = {isa = PBXBuildFile; fileRef = 4562F7E1214EE3E900A498AB /* ViewController.swift */; };
		4562F7E5214EE3E900A498AB /* Main.storyboard in Resources */ = {isa = PBXBuildFile; fileRef = 4562F7E3214EE3E900A498AB /* Main.storyboard */; };
		4562F7E7214EE3EC00A498AB /* Assets.xcassets in Resources */ = {isa = PBXBuildFile; fileRef = 4562F7E6214EE3EC00A498AB /* Assets.xcassets */; };
		4562F7EA214EE3EC00A498AB /* LaunchScreen.storyboard in Resources */ = {isa = PBXBuildFile; fileRef = 4562F7E8214EE3EC00A498AB /* LaunchScreen.storyboard */; };
		4562F7F5214EE3EC00A498AB /* TechPodTests.swift in Sources */ = {isa = PBXBuildFile; fileRef = 4562F7F4214EE3EC00A498AB /* TechPodTests.swift */; };
		4562F800214EE3EC00A498AB /* TechPodUITests.swift in Sources */ = {isa = PBXBuildFile; fileRef = 4562F7FF214EE3EC00A498AB /* TechPodUITests.swift */; };
/* End PBXBuildFile section */

/* Begin PBXContainerItemProxy section */
		4562F7F1214EE3EC00A498AB /* PBXContainerItemProxy */ = {
			isa = PBXContainerItemProxy;
			containerPortal = 4562F7D4214EE3E900A498AB /* Project object */;
			proxyType = 1;
			remoteGlobalIDString = 4562F7DB214EE3E900A498AB;
			remoteInfo = TechPod;
		};
		4562F7FC214EE3EC00A498AB /* PBXContainerItemProxy */ = {
			isa = PBXContainerItemProxy;
			containerPortal = 4562F7D4214EE3E900A498AB /* Project object */;
			proxyType = 1;
			remoteGlobalIDString = 4562F7DB214EE3E900A498AB;
			remoteInfo = TechPod;
		};
/* End PBXContainerItemProxy section */

/* Begin PBXFileReference section */
		4562F7DC214EE3E900A498AB /* TechPod.app */ = {isa = PBXFileReference; explicitFileType = wrapper.application; includeInIndex = 0; path = TechPod.app; sourceTree = BUILT_PRODUCTS_DIR; };
		4562F7DF214EE3E900A498AB /* AppDelegate.swift */ = {isa = PBXFileReference; lastKnownFileType = sourcecode.swift; path = AppDelegate.swift; sourceTree = "<group>"; };
		4562F7E1214EE3E900A498AB /* ViewController.swift */ = {isa = PBXFileReference; lastKnownFileType = sourcecode.swift; path = ViewController.swift; sourceTree = "<group>"; };
		4562F7E4214EE3E900A498AB /* Base */ = {isa = PBXFileReference; lastKnownFileType = file.storyboard; name = Base; path = Base.lproj/Main.storyboard; sourceTree = "<group>"; };
		4562F7E6214EE3EC00A498AB /* Assets.xcassets */ = {isa = PBXFileReference; lastKnownFileType = folder.assetcatalog; path = Assets.xcassets; sourceTree = "<group>"; };
		4562F7E9214EE3EC00A498AB /* Base */ = {isa = PBXFileReference; lastKnownFileType = file.storyboard; name = Base; path = Base.lproj/LaunchScreen.storyboard; sourceTree = "<group>"; };
		4562F7EB214EE3EC00A498AB /* Info.plist */ = {isa = PBXFileReference; lastKnownFileType = text.plist.xml; path = Info.plist; sourceTree = "<group>"; };
		4562F7F0214EE3EC00A498AB /* TechPodTests.xctest */ = {isa = PBXFileReference; explicitFileType = wrapper.cfbundle; includeInIndex = 0; path = TechPodTests.xctest; sourceTree = BUILT_PRODUCTS_DIR; };
		4562F7F4214EE3EC00A498AB /* TechPodTests.swift */ = {isa = PBXFileReference; lastKnownFileType = sourcecode.swift; path = TechPodTests.swift; sourceTree = "<group>"; };
		4562F7F6214EE3EC00A498AB /* Info.plist */ = {isa = PBXFileReference; lastKnownFileType = text.plist.xml; path = Info.plist; sourceTree = "<group>"; };
		4562F7FB214EE3EC00A498AB /* TechPodUITests.xctest */ = {isa = PBXFileReference; explicitFileType = wrapper.cfbundle; includeInIndex = 0; path = TechPodUITests.xctest; sourceTree = BUILT_PRODUCTS_DIR; };
		4562F7FF214EE3EC00A498AB /* TechPodUITests.swift */ = {isa = PBXFileReference; lastKnownFileType = sourcecode.swift; path = TechPodUITests.swift; sourceTree = "<group>"; };
		4562F801214EE3EC00A498AB /* Info.plist */ = {isa = PBXFileReference; lastKnownFileType = text.plist.xml; path = Info.plist; sourceTree = "<group>"; };
/* End PBXFileReference section */

/* Begin PBXFrameworksBuildPhase section */
		4562F7D9214EE3E900A498AB /* Frameworks */ = {
			isa = PBXFrameworksBuildPhase;
			buildActionMask = 2147483647;
			files = (
			);
			runOnlyForDeploymentPostprocessing = 0;
		};
		4562F7ED214EE3EC00A498AB /* Frameworks */ = {
			isa = PBXFrameworksBuildPhase;
			buildActionMask = 2147483647;
			files = (
			);
			runOnlyForDeploymentPostprocessing = 0;
		};
		4562F7F8214EE3EC00A498AB /* Frameworks */ = {
			isa = PBXFrameworksBuildPhase;
			buildActionMask = 2147483647;
			files = (
			);
			runOnlyForDeploymentPostprocessing = 0;
		};
/* End PBXFrameworksBuildPhase section */

/* Begin PBXGroup section */
		4562F7D3214EE3E900A498AB = {
			isa = PBXGroup;
			children = (
				4562F7DE214EE3E900A498AB /* TechPod */,
				4562F7F3214EE3EC00A498AB /* TechPodTests */,
				4562F7FE214EE3EC00A498AB /* TechPodUITests */,
				4562F7DD214EE3E900A498AB /* Products */,
			);
			sourceTree = "<group>";
		};
		4562F7DD214EE3E900A498AB /* Products */ = {
			isa = PBXGroup;
			children = (
				4562F7DC214EE3E900A498AB /* TechPod.app */,
				4562F7F0214EE3EC00A498AB /* TechPodTests.xctest */,
				4562F7FB214EE3EC00A498AB /* TechPodUITests.xctest */,
			);
			name = Products;
			sourceTree = "<group>";
		};
		4562F7DE214EE3E900A498AB /* TechPod */ = {
			isa = PBXGroup;
			children = (
				4562F7DF214EE3E900A498AB /* AppDelegate.swift */,
				4562F7E1214EE3E900A498AB /* ViewController.swift */,
				4562F7E3214EE3E900A498AB /* Main.storyboard */,
				4562F7E6214EE3EC00A498AB /* Assets.xcassets */,
				4562F7E8214EE3EC00A498AB /* LaunchScreen.storyboard */,
				4562F7EB214EE3EC00A498AB /* Info.plist */,
			);
			path = TechPod;
			sourceTree = "<group>";
		};
		4562F7F3214EE3EC00A498AB /* TechPodTests */ = {
			isa = PBXGroup;
			children = (
				4562F7F4214EE3EC00A498AB /* TechPodTests.swift */,
				4562F7F6214EE3EC00A498AB /* Info.plist */,
			);
			path = TechPodTests;
			sourceTree = "<group>";
		};
		4562F7FE214EE3EC00A498AB /* TechPodUITests */ = {
			isa = PBXGroup;
			children = (
				4562F7FF214EE3EC00A498AB /* TechPodUITests.swift */,
				4562F801214EE3EC00A498AB /* Info.plist */,
			);
			path = TechPodUITests;
			sourceTree = "<group>";
		};
/* End PBXGroup section */

/* Begin PBXNativeTarget section */
		4562F7DB214EE3E900A498AB /* TechPod */ = {
			isa = PBXNativeTarget;
			buildConfigurationList = 4562F804214EE3EC00A498AB /* Build configuration list for PBXNativeTarget "TechPod" */;
			buildPhases = (
				4562F7D8214EE3E900A498AB /* Sources */,
				4562F7D9214EE3E900A498AB /* Frameworks */,
				4562F7DA214EE3E900A498AB /* Resources */,
			);
			buildRules = (
			);
			dependencies = (
			);
			name = TechPod;
			productName = TechPod;
			productReference = 4562F7DC214EE3E900A498AB /* TechPod.app */;
			productType = "com.apple.product-type.application";
		};
		4562F7EF214EE3EC00A498AB /* TechPodTests */ = {
			isa = PBXNativeTarget;
			buildConfigurationList = 4562F807214EE3EC00A498AB /* Build configuration list for PBXNativeTarget "TechPodTests" */;
			buildPhases = (
				4562F7EC214EE3EC00A498AB /* Sources */,
				4562F7ED214EE3EC00A498AB /* Frameworks */,
				4562F7EE214EE3EC00A498AB /* Resources */,
			);
			buildRules = (
			);
			dependencies = (
				4562F7F2214EE3EC00A498AB /* PBXTargetDependency */,
			);
			name = TechPodTests;
			productName = TechPodTests;
			productReference = 4562F7F0214EE3EC00A498AB /* TechPodTests.xctest */;
			productType = "com.apple.product-type.bundle.unit-test";
		};
		4562F7FA214EE3EC00A498AB /* TechPodUITests */ = {
			isa = PBXNativeTarget;
			buildConfigurationList = 4562F80A214EE3EC00A498AB /* Build configuration list for PBXNativeTarget "TechPodUITests" */;
			buildPhases = (
				4562F7F7214EE3EC00A498AB /* Sources */,
				4562F7F8214EE3EC00A498AB /* Frameworks */,
				4562F7F9214EE3EC00A498AB /* Resources */,
			);
			buildRules = (
			);
			dependencies = (
				4562F7FD214EE3EC00A498AB /* PBXTargetDependency */,
			);
			name = TechPodUITests;
			productName = TechPodUITests;
			productReference = 4562F7FB214EE3EC00A498AB /* TechPodUITests.xctest */;
			productType = "com.apple.product-type.bundle.ui-testing";
		};
/* End PBXNativeTarget section */

/* Begin PBXProject section */
		4562F7D4214EE3E900A498AB /* Project object */ = {
			isa = PBXProject;
			attributes = {
				LastSwiftUpdateCheck = 0940;
				LastUpgradeCheck = 0940;
				ORGANIZATIONNAME = so1425;
				TargetAttributes = {
					4562F7DB214EE3E900A498AB = {
						CreatedOnToolsVersion = 9.4.1;
					};
					4562F7EF214EE3EC00A498AB = {
						CreatedOnToolsVersion = 9.4.1;
						TestTargetID = 4562F7DB214EE3E900A498AB;
					};
					4562F7FA214EE3EC00A498AB = {
						CreatedOnToolsVersion = 9.4.1;
						TestTargetID = 4562F7DB214EE3E900A498AB;
					};
				};
			};
			buildConfigurationList = 4562F7D7214EE3E900A498AB /* Build configuration list for PBXProject "TechPod" */;
			compatibilityVersion = "Xcode 9.3";
			developmentRegion = en;
			hasScannedForEncodings = 0;
			knownRegions = (
				en,
				Base,
			);
			mainGroup = 4562F7D3214EE3E900A498AB;
			productRefGroup = 4562F7DD214EE3E900A498AB /* Products */;
			projectDirPath = "";
			projectRoot = "";
			targets = (
				4562F7DB214EE3E900A498AB /* TechPod */,
				4562F7EF214EE3EC00A498AB /* TechPodTests */,
				4562F7FA214EE3EC00A498AB /* TechPodUITests */,
			);
		};
/* End PBXProject section */

/* Begin PBXResourcesBuildPhase section */
		4562F7DA214EE3E900A498AB /* Resources */ = {
			isa = PBXResourcesBuildPhase;
			buildActionMask = 2147483647;
			files = (
				4562F7EA214EE3EC00A498AB /* LaunchScreen.storyboard in Resources */,
				4562F7E7214EE3EC00A498AB /* Assets.xcassets in Resources */,
				4562F7E5214EE3E900A498AB /* Main.storyboard in Resources */,
			);
			runOnlyForDeploymentPostprocessing = 0;
		};
		4562F7EE214EE3EC00A498AB /* Resources */ = {
			isa = PBXResourcesBuildPhase;
			buildActionMask = 2147483647;
			files = (
			);
			runOnlyForDeploymentPostprocessing = 0;
		};
		4562F7F9214EE3EC00A498AB /* Resources */ = {
			isa = PBXResourcesBuildPhase;
			buildActionMask = 2147483647;
			files = (
			);
			runOnlyForDeploymentPostprocessing = 0;
		};
/* End PBXResourcesBuildPhase section */

/* Begin PBXSourcesBuildPhase section */
		4562F7D8214EE3E900A498AB /* Sources */ = {
			isa = PBXSourcesBuildPhase;
			buildActionMask = 2147483647;
			files = (
				4562F7E2214EE3E900A498AB /* ViewController.swift in Sources */,
				4562F7E0214EE3E900A498AB /* AppDelegate.swift in Sources */,
			);
			runOnlyForDeploymentPostprocessing = 0;
		};
		4562F7EC214EE3EC00A498AB /* Sources */ = {
			isa = PBXSourcesBuildPhase;
			buildActionMask = 2147483647;
			files = (
				4562F7F5214EE3EC00A498AB /* TechPodTests.swift in Sources */,
			);
			runOnlyForDeploymentPostprocessing = 0;
		};
		4562F7F7214EE3EC00A498AB /* Sources */ = {
			isa = PBXSourcesBuildPhase;
			buildActionMask = 2147483647;
			files = (
				4562F800214EE3EC00A498AB /* TechPodUITests.swift in Sources */,
			);
			runOnlyForDeploymentPostprocessing = 0;
		};
/* End PBXSourcesBuildPhase section */

/* Begin PBXTargetDependency section */
		4562F7F2214EE3EC00A498AB /* PBXTargetDependency */ = {
			isa = PBXTargetDependency;
			target = 4562F7DB214EE3E900A498AB /* TechPod */;
			targetProxy = 4562F7F1214EE3EC00A498AB /* PBXContainerItemProxy */;
		};
		4562F7FD214EE3EC00A498AB /* PBXTargetDependency */ = {
			isa = PBXTargetDependency;
			target = 4562F7DB214EE3E900A498AB /* TechPod */;
			targetProxy = 4562F7FC214EE3EC00A498AB /* PBXContainerItemProxy */;
		};
/* End PBXTargetDependency section */

/* Begin PBXVariantGroup section */
		4562F7E3214EE3E900A498AB /* Main.storyboard */ = {
			isa = PBXVariantGroup;
			children = (
				4562F7E4214EE3E900A498AB /* Base */,
			);
			name = Main.storyboard;
			sourceTree = "<group>";
		};
		4562F7E8214EE3EC00A498AB /* LaunchScreen.storyboard */ = {
			isa = PBXVariantGroup;
			children = (
				4562F7E9214EE3EC00A498AB /* Base */,
			);
			name = LaunchScreen.storyboard;
			sourceTree = "<group>";
		};
/* End PBXVariantGroup section */

/* Begin XCBuildConfiguration section */
		4562F802214EE3EC00A498AB /* Debug */ = {
			isa = XCBuildConfiguration;
			buildSettings = {
				ALWAYS_SEARCH_USER_PATHS = NO;
				CLANG_ANALYZER_NONNULL = YES;
				CLANG_ANALYZER_NUMBER_OBJECT_CONVERSION = YES_AGGRESSIVE;
				CLANG_CXX_LANGUAGE_STANDARD = "gnu++14";
				CLANG_CXX_LIBRARY = "libc++";
				CLANG_ENABLE_MODULES = YES;
				CLANG_ENABLE_OBJC_ARC = YES;
				CLANG_ENABLE_OBJC_WEAK = YES;
				CLANG_WARN_BLOCK_CAPTURE_AUTORELEASING = YES;
				CLANG_WARN_BOOL_CONVERSION = YES;
				CLANG_WARN_COMMA = YES;
				CLANG_WARN_CONSTANT_CONVERSION = YES;
				CLANG_WARN_DEPRECATED_OBJC_IMPLEMENTATIONS = YES;
				CLANG_WARN_DIRECT_OBJC_ISA_USAGE = YES_ERROR;
				CLANG_WARN_DOCUMENTATION_COMMENTS = YES;
				CLANG_WARN_EMPTY_BODY = YES;
				CLANG_WARN_ENUM_CONVERSION = YES;
				CLANG_WARN_INFINITE_RECURSION = YES;
				CLANG_WARN_INT_CONVERSION = YES;
				CLANG_WARN_NON_LITERAL_NULL_CONVERSION = YES;
				CLANG_WARN_OBJC_IMPLICIT_RETAIN_SELF = YES;
				CLANG_WARN_OBJC_LITERAL_CONVERSION = YES;
				CLANG_WARN_OBJC_ROOT_CLASS = YES_ERROR;
				CLANG_WARN_RANGE_LOOP_ANALYSIS = YES;
				CLANG_WARN_STRICT_PROTOTYPES = YES;
				CLANG_WARN_SUSPICIOUS_MOVE = YES;
				CLANG_WARN_UNGUARDED_AVAILABILITY = YES_AGGRESSIVE;
				CLANG_WARN_UNREACHABLE_CODE = YES;
				CLANG_WARN__DUPLICATE_METHOD_MATCH = YES;
				CODE_SIGN_IDENTITY = "iPhone Developer";
				COPY_PHASE_STRIP = NO;
				DEBUG_INFORMATION_FORMAT = dwarf;
				ENABLE_STRICT_OBJC_MSGSEND = YES;
				ENABLE_TESTABILITY = YES;
				GCC_C_LANGUAGE_STANDARD = gnu11;
				GCC_DYNAMIC_NO_PIC = NO;
				GCC_NO_COMMON_BLOCKS = YES;
				GCC_OPTIMIZATION_LEVEL = 0;
				GCC_PREPROCESSOR_DEFINITIONS = (
					"DEBUG=1",
					"$(inherited)",
				);
				GCC_WARN_64_TO_32_BIT_CONVERSION = YES;
				GCC_WARN_ABOUT_RETURN_TYPE = YES_ERROR;
				GCC_WARN_UNDECLARED_SELECTOR = YES;
				GCC_WARN_UNINITIALIZED_AUTOS = YES_AGGRESSIVE;
				GCC_WARN_UNUSED_FUNCTION = YES;
				GCC_WARN_UNUSED_VARIABLE = YES;
				IPHONEOS_DEPLOYMENT_TARGET = 11.4;
				MTL_ENABLE_DEBUG_INFO = YES;
				ONLY_ACTIVE_ARCH = YES;
				SDKROOT = iphoneos;
				SWIFT_ACTIVE_COMPILATION_CONDITIONS = DEBUG;
				SWIFT_OPTIMIZATION_LEVEL = "-Onone";
			};
			name = Debug;
		};
		4562F803214EE3EC00A498AB /* Release */ = {
			isa = XCBuildConfiguration;
			buildSettings = {
				ALWAYS_SEARCH_USER_PATHS = NO;
				CLANG_ANALYZER_NONNULL = YES;
				CLANG_ANALYZER_NUMBER_OBJECT_CONVERSION = YES_AGGRESSIVE;
				CLANG_CXX_LANGUAGE_STANDARD = "gnu++14";
				CLANG_CXX_LIBRARY = "libc++";
				CLANG_ENABLE_MODULES = YES;
				CLANG_ENABLE_OBJC_ARC = YES;
				CLANG_ENABLE_OBJC_WEAK = YES;
				CLANG_WARN_BLOCK_CAPTURE_AUTORELEASING = YES;
				CLANG_WARN_BOOL_CONVERSION = YES;
				CLANG_WARN_COMMA = YES;
				CLANG_WARN_CONSTANT_CONVERSION = YES;
				CLANG_WARN_DEPRECATED_OBJC_IMPLEMENTATIONS = YES;
				CLANG_WARN_DIRECT_OBJC_ISA_USAGE = YES_ERROR;
				CLANG_WARN_DOCUMENTATION_COMMENTS = YES;
				CLANG_WARN_EMPTY_BODY = YES;
				CLANG_WARN_ENUM_CONVERSION = YES;
				CLANG_WARN_INFINITE_RECURSION = YES;
				CLANG_WARN_INT_CONVERSION = YES;
				CLANG_WARN_NON_LITERAL_NULL_CONVERSION = YES;
				CLANG_WARN_OBJC_IMPLICIT_RETAIN_SELF = YES;
				CLANG_WARN_OBJC_LITERAL_CONVERSION = YES;
				CLANG_WARN_OBJC_ROOT_CLASS = YES_ERROR;
				CLANG_WARN_RANGE_LOOP_ANALYSIS = YES;
				CLANG_WARN_STRICT_PROTOTYPES = YES;
				CLANG_WARN_SUSPICIOUS_MOVE = YES;
				CLANG_WARN_UNGUARDED_AVAILABILITY = YES_AGGRESSIVE;
				CLANG_WARN_UNREACHABLE_CODE = YES;
				CLANG_WARN__DUPLICATE_METHOD_MATCH = YES;
				CODE_SIGN_IDENTITY = "iPhone Developer";
				COPY_PHASE_STRIP = NO;
				DEBUG_INFORMATION_FORMAT = "dwarf-with-dsym";
				ENABLE_NS_ASSERTIONS = NO;
				ENABLE_STRICT_OBJC_MSGSEND = YES;
				GCC_C_LANGUAGE_STANDARD = gnu11;
				GCC_NO_COMMON_BLOCKS = YES;
				GCC_WARN_64_TO_32_BIT_CONVERSION = YES;
				GCC_WARN_ABOUT_RETURN_TYPE = YES_ERROR;
				GCC_WARN_UNDECLARED_SELECTOR = YES;
				GCC_WARN_UNINITIALIZED_AUTOS = YES_AGGRESSIVE;
				GCC_WARN_UNUSED_FUNCTION = YES;
				GCC_WARN_UNUSED_VARIABLE = YES;
				IPHONEOS_DEPLOYMENT_TARGET = 11.4;
				MTL_ENABLE_DEBUG_INFO = NO;
				SDKROOT = iphoneos;
				SWIFT_COMPILATION_MODE = wholemodule;
				SWIFT_OPTIMIZATION_LEVEL = "-O";
				VALIDATE_PRODUCT = YES;
			};
			name = Release;
		};
		4562F805214EE3EC00A498AB /* Debug */ = {
			isa = XCBuildConfiguration;
			buildSettings = {
				ASSETCATALOG_COMPILER_APPICON_NAME = AppIcon;
				CODE_SIGN_STYLE = Automatic;
				INFOPLIST_FILE = TechPod/Info.plist;
				LD_RUNPATH_SEARCH_PATHS = (
					"$(inherited)",
					"@executable_path/Frameworks",
				);
				PRODUCT_BUNDLE_IDENTIFIER = com.litech.TechPod;
				PRODUCT_NAME = "$(TARGET_NAME)";
				SWIFT_VERSION = 4.0;
				TARGETED_DEVICE_FAMILY = "1,2";
			};
			name = Debug;
		};
		4562F806214EE3EC00A498AB /* Release */ = {
			isa = XCBuildConfiguration;
			buildSettings = {
				ASSETCATALOG_COMPILER_APPICON_NAME = AppIcon;
				CODE_SIGN_STYLE = Automatic;
				INFOPLIST_FILE = TechPod/Info.plist;
				LD_RUNPATH_SEARCH_PATHS = (
					"$(inherited)",
					"@executable_path/Frameworks",
				);
				PRODUCT_BUNDLE_IDENTIFIER = com.litech.TechPod;
				PRODUCT_NAME = "$(TARGET_NAME)";
				SWIFT_VERSION = 4.0;
				TARGETED_DEVICE_FAMILY = "1,2";
			};
			name = Release;
		};
		4562F808214EE3EC00A498AB /* Debug */ = {
			isa = XCBuildConfiguration;
			buildSettings = {
				ALWAYS_EMBED_SWIFT_STANDARD_LIBRARIES = YES;
				BUNDLE_LOADER = "$(TEST_HOST)";
				CODE_SIGN_STYLE = Automatic;
				INFOPLIST_FILE = TechPodTests/Info.plist;
				LD_RUNPATH_SEARCH_PATHS = (
					"$(inherited)",
					"@executable_path/Frameworks",
					"@loader_path/Frameworks",
				);
				PRODUCT_BUNDLE_IDENTIFIER = com.litech.TechPodTests;
				PRODUCT_NAME = "$(TARGET_NAME)";
				SWIFT_VERSION = 4.0;
				TARGETED_DEVICE_FAMILY = "1,2";
				TEST_HOST = "$(BUILT_PRODUCTS_DIR)/TechPod.app/TechPod";
			};
			name = Debug;
		};
		4562F809214EE3EC00A498AB /* Release */ = {
			isa = XCBuildConfiguration;
			buildSettings = {
				ALWAYS_EMBED_SWIFT_STANDARD_LIBRARIES = YES;
				BUNDLE_LOADER = "$(TEST_HOST)";
				CODE_SIGN_STYLE = Automatic;
				INFOPLIST_FILE = TechPodTests/Info.plist;
				LD_RUNPATH_SEARCH_PATHS = (
					"$(inherited)",
					"@executable_path/Frameworks",
					"@loader_path/Frameworks",
				);
				PRODUCT_BUNDLE_IDENTIFIER = com.litech.TechPodTests;
				PRODUCT_NAME = "$(TARGET_NAME)";
				SWIFT_VERSION = 4.0;
				TARGETED_DEVICE_FAMILY = "1,2";
				TEST_HOST = "$(BUILT_PRODUCTS_DIR)/TechPod.app/TechPod";
			};
			name = Release;
		};
		4562F80B214EE3EC00A498AB /* Debug */ = {
			isa = XCBuildConfiguration;
			buildSettings = {
				ALWAYS_EMBED_SWIFT_STANDARD_LIBRARIES = YES;
				CODE_SIGN_STYLE = Automatic;
				INFOPLIST_FILE = TechPodUITests/Info.plist;
				LD_RUNPATH_SEARCH_PATHS = (
					"$(inherited)",
					"@executable_path/Frameworks",
					"@loader_path/Frameworks",
				);
				PRODUCT_BUNDLE_IDENTIFIER = com.litech.TechPodUITests;
				PRODUCT_NAME = "$(TARGET_NAME)";
				SWIFT_VERSION = 4.0;
				TARGETED_DEVICE_FAMILY = "1,2";
				TEST_TARGET_NAME = TechPod;
			};
			name = Debug;
		};
		4562F80C214EE3EC00A498AB /* Release */ = {
			isa = XCBuildConfiguration;
			buildSettings = {
				ALWAYS_EMBED_SWIFT_STANDARD_LIBRARIES = YES;
				CODE_SIGN_STYLE = Automatic;
				INFOPLIST_FILE = TechPodUITests/Info.plist;
				LD_RUNPATH_SEARCH_PATHS = (
					"$(inherited)",
					"@executable_path/Frameworks",
					"@loader_path/Frameworks",
				);
				PRODUCT_BUNDLE_IDENTIFIER = com.litech.TechPodUITests;
				PRODUCT_NAME = "$(TARGET_NAME)";
				SWIFT_VERSION = 4.0;
				TARGETED_DEVICE_FAMILY = "1,2";
				TEST_TARGET_NAME = TechPod;
			};
			name = Release;
		};
/* End XCBuildConfiguration section */

/* Begin XCConfigurationList section */
		4562F7D7214EE3E900A498AB /* Build configuration list for PBXProject "TechPod" */ = {
			isa = XCConfigurationList;
			buildConfigurations = (
				4562F802214EE3EC00A498AB /* Debug */,
				4562F803214EE3EC00A498AB /* Release */,
			);
			defaultConfigurationIsVisible = 0;
			defaultConfigurationName = Release;
		};
		4562F804214EE3EC00A498AB /* Build configuration list for PBXNativeTarget "TechPod" */ = {
			isa = XCConfigurationList;
			buildConfigurations = (
				4562F805214EE3EC00A498AB /* Debug */,
				4562F806214EE3EC00A498AB /* Release */,
			);
			defaultConfigurationIsVisible = 0;
			defaultConfigurationName = Release;
		};
		4562F807214EE3EC00A498AB /* Build configuration list for PBXNativeTarget "TechPodTests" */ = {
			isa = XCConfigurationList;
			buildConfigurations = (
				4562F808214EE3EC00A498AB /* Debug */,
				4562F809214EE3EC00A498AB /* Release */,
			);
			defaultConfigurationIsVisible = 0;
			defaultConfigurationName = Release;
		};
		4562F80A214EE3EC00A498AB /* Build configuration list for PBXNativeTarget "TechPodUITests" */ = {
			isa = XCConfigurationList;
			buildConfigurations = (
				4562F80B214EE3EC00A498AB /* Debug */,
				4562F80C214EE3EC00A498AB /* Release */,
			);
			defaultConfigurationIsVisible = 0;
			defaultConfigurationName = Release;
		};
/* End XCConfigurationList section */
	};
	rootObject = 4562F7D4214EE3E900A498AB /* Project object */;
}
